
Microsoft Visual Studio Solution File, Format Version 12.00
# Visual Studio Version 16
VisualStudioVersion = 16.0.29911.84
MinimumVisualStudioVersion = 10.0.40219.1
Project("{FAE04EC0-301F-11D3-BF4B-00C04F79EFBC}") = "FormPilha", "FormPilha.csproj", "{77730279-F000-46C4-9F56-B99C34E019EF}"
EndProject
Global
	GlobalSection(SolutionConfigurationPlatforms) = preSolution
		Debug|Any CPU = Debug|Any CPU
		Release|Any CPU = Release|Any CPU
	EndGlobalSection
	GlobalSection(ProjectConfigurationPlatforms) = postSolution
		{77730279-F000-46C4-9F56-B99C34E019EF}.Debug|Any CPU.ActiveCfg = Debug|Any CPU
		{77730279-F000-46C4-9F56-B99C34E019EF}.Debug|Any CPU.Build.0 = Debug|Any CPU
		{77730279-F000-46C4-9F56-B99C34E019EF}.Release|Any CPU.ActiveCfg = Release|Any CPU
		{77730279-F000-46C4-9F56-B99C34E019EF}.Release|Any CPU.Build.0 = Release|Any CPU
	EndGlobalSection
	GlobalSection(SolutionProperties) = preSolution
		HideSolutionNode = FALSE
	EndGlobalSection
	GlobalSection(ExtensibilityGlobals) = postSolution
		SolutionGuid = {7B0FA4A8-40DB-4E45-9F50-C4FAF37D8654}
	EndGlobalSection
EndGlobal
